
Microsoft Visual Studio Solution File, Format Version 12.00
# Visual Studio Version 17
VisualStudioVersion = 17.4.33205.214
MinimumVisualStudioVersion = 10.0.40219.1
Project("{FAE04EC0-301F-11D3-BF4B-00C04F79EFBC}") = "BWT2", "BWT2.csproj", "{96386E7D-5870-46DC-BE12-ED51D7B24936}"
EndProject
Global
	GlobalSection(SolutionConfigurationPlatforms) = preSolution
		Debug|Any CPU = Debug|Any CPU
		Release|Any CPU = Release|Any CPU
	EndGlobalSection
	GlobalSection(ProjectConfigurationPlatforms) = postSolution
		{96386E7D-5870-46DC-BE12-ED51D7B24936}.Debug|Any CPU.ActiveCfg = Debug|Any CPU
		{96386E7D-5870-46DC-BE12-ED51D7B24936}.Debug|Any CPU.Build.0 = Debug|Any CPU
		{96386E7D-5870-46DC-BE12-ED51D7B24936}.Release|Any CPU.ActiveCfg = Release|Any CPU
		{96386E7D-5870-46DC-BE12-ED51D7B24936}.Release|Any CPU.Build.0 = Release|Any CPU
	EndGlobalSection
	GlobalSection(SolutionProperties) = preSolution
		HideSolutionNode = FALSE
	EndGlobalSection
	GlobalSection(ExtensibilityGlobals) = postSolution
		SolutionGuid = {33A0E787-9D0A-4FB7-B287-D2DAB732A993}
	EndGlobalSection
EndGlobal
