
Microsoft Visual Studio Solution File, Format Version 12.00
# Visual Studio Version 17
VisualStudioVersion = 17.5.33516.290
MinimumVisualStudioVersion = 10.0.40219.1
Project("{FAE04EC0-301F-11D3-BF4B-00C04F79EFBC}") = "matrixMemory", "matrixMemory.csproj", "{068F57E8-E213-4BCE-A95D-E1C243715FA6}"
EndProject
Global
	GlobalSection(SolutionConfigurationPlatforms) = preSolution
		Debug|Any CPU = Debug|Any CPU
		Release|Any CPU = Release|Any CPU
	EndGlobalSection
	GlobalSection(ProjectConfigurationPlatforms) = postSolution
		{068F57E8-E213-4BCE-A95D-E1C243715FA6}.Debug|Any CPU.ActiveCfg = Debug|Any CPU
		{068F57E8-E213-4BCE-A95D-E1C243715FA6}.Debug|Any CPU.Build.0 = Debug|Any CPU
		{068F57E8-E213-4BCE-A95D-E1C243715FA6}.Release|Any CPU.ActiveCfg = Release|Any CPU
		{068F57E8-E213-4BCE-A95D-E1C243715FA6}.Release|Any CPU.Build.0 = Release|Any CPU
	EndGlobalSection
	GlobalSection(SolutionProperties) = preSolution
		HideSolutionNode = FALSE
	EndGlobalSection
	GlobalSection(ExtensibilityGlobals) = postSolution
		SolutionGuid = {DFADDE3B-3F68-4311-B7B9-62949E6523A5}
	EndGlobalSection
EndGlobal
